
Microsoft Visual Studio Solution File, Format Version 12.00
# Visual Studio 15
VisualStudioVersion = 15.0.27703.2026
MinimumVisualStudioVersion = 10.0.40219.1
Project("{9A19103F-16F7-4668-BE54-9A1E7A4F7556}") = "ThreadInForeground", "ThreadInForeground\ThreadInForeground.csproj", "{693B33A3-0319-4AE1-B0EE-4EA23B35310D}"
EndProject
Project("{9A19103F-16F7-4668-BE54-9A1E7A4F7556}") = "ExecuteInForegroundWithParameter", "ExecuteInForegroundWithParameter\ExecuteInForegroundWithParameter.csproj", "{7CCDBC3E-4CDD-412C-AE7A-B7EAD30C3425}"
EndProject
Project("{9A19103F-16F7-4668-BE54-9A1E7A4F7556}") = "RetrievingThread", "RetrievingThread\RetrievingThread.csproj", "{6BA1044F-F4B8-485E-B4B9-4CCD27DD7548}"
EndProject
Project("{9A19103F-16F7-4668-BE54-9A1E7A4F7556}") = "BackgroundThreadExample", "BackgroundThreadExample\BackgroundThreadExample.csproj", "{D6721865-3F15-4A1B-824D-F0C7C8491542}"
EndProject
Project("{9A19103F-16F7-4668-BE54-9A1E7A4F7556}") = "SimpleThreadingFunctionality", "SimpleThreadingFunctionality\SimpleThreadingFunctionality.csproj", "{760AC574-DFCA-4EC4-879B-991963349F24}"
EndProject
Project("{FAE04EC0-301F-11D3-BF4B-00C04F79EFBC}") = "BackgroundAndForegroundThreads", "BackgroundAndForegroundThreads\BackgroundAndForegroundThreads.csproj", "{E4ABEA79-0904-498A-B75F-6FF0B74FB7CF}"
EndProject
Project("{FAE04EC0-301F-11D3-BF4B-00C04F79EFBC}") = "CreatingThread", "CreatingThread\CreatingThread.csproj", "{EB5E1639-9336-4A6A-A41E-756CC2FD6128}"
EndProject
Project("{FAE04EC0-301F-11D3-BF4B-00C04F79EFBC}") = "PassingDataToThreads", "PassingDataToThreads\PassingDataToThreads.csproj", "{7813196D-3263-43F1-A5A6-E1C2A35928C1}"
EndProject
Global
	GlobalSection(SolutionConfigurationPlatforms) = preSolution
		Debug|Any CPU = Debug|Any CPU
		Release|Any CPU = Release|Any CPU
	EndGlobalSection
	GlobalSection(ProjectConfigurationPlatforms) = postSolution
		{693B33A3-0319-4AE1-B0EE-4EA23B35310D}.Debug|Any CPU.ActiveCfg = Debug|Any CPU
		{693B33A3-0319-4AE1-B0EE-4EA23B35310D}.Debug|Any CPU.Build.0 = Debug|Any CPU
		{693B33A3-0319-4AE1-B0EE-4EA23B35310D}.Release|Any CPU.ActiveCfg = Release|Any CPU
		{693B33A3-0319-4AE1-B0EE-4EA23B35310D}.Release|Any CPU.Build.0 = Release|Any CPU
		{7CCDBC3E-4CDD-412C-AE7A-B7EAD30C3425}.Debug|Any CPU.ActiveCfg = Debug|Any CPU
		{7CCDBC3E-4CDD-412C-AE7A-B7EAD30C3425}.Debug|Any CPU.Build.0 = Debug|Any CPU
		{7CCDBC3E-4CDD-412C-AE7A-B7EAD30C3425}.Release|Any CPU.ActiveCfg = Release|Any CPU
		{7CCDBC3E-4CDD-412C-AE7A-B7EAD30C3425}.Release|Any CPU.Build.0 = Release|Any CPU
		{6BA1044F-F4B8-485E-B4B9-4CCD27DD7548}.Debug|Any CPU.ActiveCfg = Debug|Any CPU
		{6BA1044F-F4B8-485E-B4B9-4CCD27DD7548}.Debug|Any CPU.Build.0 = Debug|Any CPU
		{6BA1044F-F4B8-485E-B4B9-4CCD27DD7548}.Release|Any CPU.ActiveCfg = Release|Any CPU
		{6BA1044F-F4B8-485E-B4B9-4CCD27DD7548}.Release|Any CPU.Build.0 = Release|Any CPU
		{D6721865-3F15-4A1B-824D-F0C7C8491542}.Debug|Any CPU.ActiveCfg = Debug|Any CPU
		{D6721865-3F15-4A1B-824D-F0C7C8491542}.Debug|Any CPU.Build.0 = Debug|Any CPU
		{D6721865-3F15-4A1B-824D-F0C7C8491542}.Release|Any CPU.ActiveCfg = Release|Any CPU
		{D6721865-3F15-4A1B-824D-F0C7C8491542}.Release|Any CPU.Build.0 = Release|Any CPU
		{760AC574-DFCA-4EC4-879B-991963349F24}.Debug|Any CPU.ActiveCfg = Debug|Any CPU
		{760AC574-DFCA-4EC4-879B-991963349F24}.Debug|Any CPU.Build.0 = Debug|Any CPU
		{760AC574-DFCA-4EC4-879B-991963349F24}.Release|Any CPU.ActiveCfg = Release|Any CPU
		{760AC574-DFCA-4EC4-879B-991963349F24}.Release|Any CPU.Build.0 = Release|Any CPU
		{E4ABEA79-0904-498A-B75F-6FF0B74FB7CF}.Debug|Any CPU.ActiveCfg = Debug|Any CPU
		{E4ABEA79-0904-498A-B75F-6FF0B74FB7CF}.Debug|Any CPU.Build.0 = Debug|Any CPU
		{E4ABEA79-0904-498A-B75F-6FF0B74FB7CF}.Release|Any CPU.ActiveCfg = Release|Any CPU
		{E4ABEA79-0904-498A-B75F-6FF0B74FB7CF}.Release|Any CPU.Build.0 = Release|Any CPU
		{EB5E1639-9336-4A6A-A41E-756CC2FD6128}.Debug|Any CPU.ActiveCfg = Debug|Any CPU
		{EB5E1639-9336-4A6A-A41E-756CC2FD6128}.Debug|Any CPU.Build.0 = Debug|Any CPU
		{EB5E1639-9336-4A6A-A41E-756CC2FD6128}.Release|Any CPU.ActiveCfg = Release|Any CPU
		{EB5E1639-9336-4A6A-A41E-756CC2FD6128}.Release|Any CPU.Build.0 = Release|Any CPU
		{7813196D-3263-43F1-A5A6-E1C2A35928C1}.Debug|Any CPU.ActiveCfg = Debug|Any CPU
		{7813196D-3263-43F1-A5A6-E1C2A35928C1}.Debug|Any CPU.Build.0 = Debug|Any CPU
		{7813196D-3263-43F1-A5A6-E1C2A35928C1}.Release|Any CPU.ActiveCfg = Release|Any CPU
		{7813196D-3263-43F1-A5A6-E1C2A35928C1}.Release|Any CPU.Build.0 = Release|Any CPU
	EndGlobalSection
	GlobalSection(SolutionProperties) = preSolution
		HideSolutionNode = FALSE
	EndGlobalSection
	GlobalSection(ExtensibilityGlobals) = postSolution
		SolutionGuid = {265F5B6B-B471-411A-BFC0-E0C20578E55C}
	EndGlobalSection
EndGlobal
